
Microsoft Visual Studio Solution File, Format Version 12.00
# Visual Studio Version 16
VisualStudioVersion = 25.0.1706.1
MinimumVisualStudioVersion = 10.0.40219.1
Project("{FAE04EC0-301F-11D3-BF4B-00C04F79EFBC}") = "NewsFlow.Data", "NewsFlow.Data\NewsFlow.Data.csproj", "{5C8F672F-29EF-46C3-A9AF-89E0C3A7B8E0}"
EndProject
Project("{FAE04EC0-301F-11D3-BF4B-00C04F79EFBC}") = "NewsFlow.Web", "NewsFlow.Web\NewsFlow.Web.csproj", "{6B2F2CD5-1C77-4C16-91BC-CE2ED0DFF4F6}"
EndProject
Project("{FAE04EC0-301F-11D3-BF4B-00C04F79EFBC}") = "NewsFlow.Application", "NewsFlow.Application\NewsFlow.Application.csproj", "{8FFD781A-E981-44B5-9DEF-419AB42D0FFB}"
EndProject
Project("{FAE04EC0-301F-11D3-BF4B-00C04F79EFBC}") = "NewsFlow.Domain", "NewsFlow.Domain\NewsFlow.Domain.csproj", "{C4C3543B-EE53-44CC-B592-BFC7F10F6981}"
EndProject
Global
	GlobalSection(SolutionConfigurationPlatforms) = preSolution
		Debug|Any CPU = Debug|Any CPU
		Release|Any CPU = Release|Any CPU
	EndGlobalSection
	GlobalSection(ProjectConfigurationPlatforms) = postSolution
		{5C8F672F-29EF-46C3-A9AF-89E0C3A7B8E0}.Debug|Any CPU.ActiveCfg = Debug|Any CPU
		{5C8F672F-29EF-46C3-A9AF-89E0C3A7B8E0}.Debug|Any CPU.Build.0 = Debug|Any CPU
		{5C8F672F-29EF-46C3-A9AF-89E0C3A7B8E0}.Release|Any CPU.ActiveCfg = Release|Any CPU
		{5C8F672F-29EF-46C3-A9AF-89E0C3A7B8E0}.Release|Any CPU.Build.0 = Release|Any CPU
		{6B2F2CD5-1C77-4C16-91BC-CE2ED0DFF4F6}.Debug|Any CPU.ActiveCfg = Debug|Any CPU
		{6B2F2CD5-1C77-4C16-91BC-CE2ED0DFF4F6}.Debug|Any CPU.Build.0 = Debug|Any CPU
		{6B2F2CD5-1C77-4C16-91BC-CE2ED0DFF4F6}.Release|Any CPU.ActiveCfg = Release|Any CPU
		{6B2F2CD5-1C77-4C16-91BC-CE2ED0DFF4F6}.Release|Any CPU.Build.0 = Release|Any CPU
		{8FFD781A-E981-44B5-9DEF-419AB42D0FFB}.Debug|Any CPU.ActiveCfg = Debug|Any CPU
		{8FFD781A-E981-44B5-9DEF-419AB42D0FFB}.Debug|Any CPU.Build.0 = Debug|Any CPU
		{8FFD781A-E981-44B5-9DEF-419AB42D0FFB}.Release|Any CPU.ActiveCfg = Release|Any CPU
		{8FFD781A-E981-44B5-9DEF-419AB42D0FFB}.Release|Any CPU.Build.0 = Release|Any CPU
		{C4C3543B-EE53-44CC-B592-BFC7F10F6981}.Debug|Any CPU.ActiveCfg = Debug|Any CPU
		{C4C3543B-EE53-44CC-B592-BFC7F10F6981}.Debug|Any CPU.Build.0 = Debug|Any CPU
		{C4C3543B-EE53-44CC-B592-BFC7F10F6981}.Release|Any CPU.ActiveCfg = Release|Any CPU
		{C4C3543B-EE53-44CC-B592-BFC7F10F6981}.Release|Any CPU.Build.0 = Release|Any CPU
	EndGlobalSection
	GlobalSection(SolutionProperties) = preSolution
		HideSolutionNode = FALSE
	EndGlobalSection
	GlobalSection(ExtensibilityGlobals) = postSolution
		SolutionGuid = {1B8A7389-AED3-49FD-B9C1-882F0D31AC98}
	EndGlobalSection
	GlobalSection(MonoDevelopProperties) = preSolution
		Policies = $0
		$0.DotNetNamingPolicy = $1
		$1.DirectoryNamespaceAssociation = PrefixedHierarchical
		$0.TextStylePolicy = $2
		$2.inheritsSet = null
		$2.scope = text/x-csharp
		$0.CSharpFormattingPolicy = $3
		$3.scope = text/x-csharp
		$0.TextStylePolicy = $4
		$4.FileWidth = 80
		$4.TabsToSpaces = True
		$4.scope = text/plain
		$0.TextStylePolicy = $5
		$5.inheritsSet = null
		$5.scope = application/x-msbuild
		$0.XmlFormattingPolicy = $6
		$6.inheritsSet = null
		$6.scope = application/x-msbuild
	EndGlobalSection
EndGlobal
